
Microsoft Visual Studio Solution File, Format Version 12.00
# Visual Studio Version 17
VisualStudioVersion = 17.6.33801.468
MinimumVisualStudioVersion = 10.0.40219.1
Project("{FAE04EC0-301F-11D3-BF4B-00C04F79EFBC}") = "SMS", "SMS.csproj", "{9C3B4368-BAFA-4F3D-8802-9923F8A4D3E4}"
EndProject
Global
	GlobalSection(SolutionConfigurationPlatforms) = preSolution
		Debug|Any CPU = Debug|Any CPU
		Release|Any CPU = Release|Any CPU
	EndGlobalSection
	GlobalSection(ProjectConfigurationPlatforms) = postSolution
		{9C3B4368-BAFA-4F3D-8802-9923F8A4D3E4}.Debug|Any CPU.ActiveCfg = Debug|Any CPU
		{9C3B4368-BAFA-4F3D-8802-9923F8A4D3E4}.Debug|Any CPU.Build.0 = Debug|Any CPU
		{9C3B4368-BAFA-4F3D-8802-9923F8A4D3E4}.Release|Any CPU.ActiveCfg = Release|Any CPU
		{9C3B4368-BAFA-4F3D-8802-9923F8A4D3E4}.Release|Any CPU.Build.0 = Release|Any CPU
	EndGlobalSection
	GlobalSection(SolutionProperties) = preSolution
		HideSolutionNode = FALSE
	EndGlobalSection
	GlobalSection(ExtensibilityGlobals) = postSolution
		SolutionGuid = {61F2C3CF-9108-4119-ADAD-8203CA57921D}
	EndGlobalSection
EndGlobal
